# THIS IS AN AUTOGENERATED FILE. DO NOT EDIT THIS FILE DIRECTLY.
# yarn lockfile v1


"@popperjs/core@^2.9.3":
  version "2.11.8"
  resolved "https://registry.yarnpkg.com/@popperjs/core/-/core-2.11.8.tgz#6b79032e760a0899cd4204710beede972a3a185f"
  integrity sha512-P1st0aksCrn9sGZhp8GMYwBnQsbvAWsZAX44oXNNvLHGqAOcoVxmjZiohstwQ7SqKnbR47akdNi+uleWD8+g6A==

flowbite-datepicker@^1.2.4:
  version "1.2.4"
  resolved "https://registry.yarnpkg.com/flowbite-datepicker/-/flowbite-datepicker-1.2.4.tgz#87c364b66b79c3eddaac5aae131721c97b5b9722"
  integrity sha512-JSH3SNm77jNuui++XpWwYB0cpvz1CCO7EpU+18/mcAkp+/giJphs4vZjTLFmccL3gSF/3IrTyWJdR6CTJ3Kn0w==
  dependencies:
    flowbite "^2.0.0"

flowbite@^2.0.0, flowbite@^2.2.0:
  version "2.2.0"
  resolved "https://registry.yarnpkg.com/flowbite/-/flowbite-2.2.0.tgz#638c223fa808241e1f64b4e068f819281d4c7c71"
  integrity sha512-Eq0qWz4a5nlxaGuUcspzpu+8Ny0A7lKEJEKcuPpkdSoF8tWjbKeuVVgKk8/q10ZE9bhXh1GHBXdCsRxu0LZTNQ==
  dependencies:
    "@popperjs/core" "^2.9.3"
    mini-svg-data-uri "^1.4.3"

mini-svg-data-uri@^1.4.3:
  version "1.4.4"
  resolved "https://registry.yarnpkg.com/mini-svg-data-uri/-/mini-svg-data-uri-1.4.4.tgz#8ab0aabcdf8c29ad5693ca595af19dd2ead09939"
  integrity sha512-r9deDe9p5FJUPZAk3A59wGH7Ii9YrjjWw0jmw/liSbHl2CHiyXj6FcDXDu2K3TjVAXqiJdaw3xxwlZZr9E6nHg==
